
Microsoft Visual Studio Solution File, Format Version 12.00
# Visual Studio Version 16
VisualStudioVersion = 16.0.31129.286
MinimumVisualStudioVersion = 10.0.40219.1
Project("{FAE04EC0-301F-11D3-BF4B-00C04F79EFBC}") = "WinFormsApp4", "WinFormsApp4\WinFormsApp4.csproj", "{6343348F-AA6C-4D9D-A6CC-28E189571CEA}"
EndProject
Global
	GlobalSection(SolutionConfigurationPlatforms) = preSolution
		Debug|Any CPU = Debug|Any CPU
		Release|Any CPU = Release|Any CPU
	EndGlobalSection
	GlobalSection(ProjectConfigurationPlatforms) = postSolution
		{6343348F-AA6C-4D9D-A6CC-28E189571CEA}.Debug|Any CPU.ActiveCfg = Debug|Any CPU
		{6343348F-AA6C-4D9D-A6CC-28E189571CEA}.Debug|Any CPU.Build.0 = Debug|Any CPU
		{6343348F-AA6C-4D9D-A6CC-28E189571CEA}.Release|Any CPU.ActiveCfg = Release|Any CPU
		{6343348F-AA6C-4D9D-A6CC-28E189571CEA}.Release|Any CPU.Build.0 = Release|Any CPU
	EndGlobalSection
	GlobalSection(SolutionProperties) = preSolution
		HideSolutionNode = FALSE
	EndGlobalSection
	GlobalSection(ExtensibilityGlobals) = postSolution
		SolutionGuid = {2AFB4993-A887-4539-84F3-1F13B14597EC}
	EndGlobalSection
EndGlobal
